
Microsoft Visual Studio Solution File, Format Version 12.00
# Visual Studio Version 17
VisualStudioVersion = 17.9.34723.18
MinimumVisualStudioVersion = 10.0.40219.1
Project("{9A19103F-16F7-4668-BE54-9A1E7A4F7556}") = "LearnAPI", "LearnAPI.csproj", "{815BAD49-8160-44A8-BC48-C6046625553E}"
EndProject
Global
	GlobalSection(SolutionConfigurationPlatforms) = preSolution
		Debug|Any CPU = Debug|Any CPU
		Release|Any CPU = Release|Any CPU
	EndGlobalSection
	GlobalSection(ProjectConfigurationPlatforms) = postSolution
		{815BAD49-8160-44A8-BC48-C6046625553E}.Debug|Any CPU.ActiveCfg = Debug|Any CPU
		{815BAD49-8160-44A8-BC48-C6046625553E}.Debug|Any CPU.Build.0 = Debug|Any CPU
		{815BAD49-8160-44A8-BC48-C6046625553E}.Release|Any CPU.ActiveCfg = Release|Any CPU
		{815BAD49-8160-44A8-BC48-C6046625553E}.Release|Any CPU.Build.0 = Release|Any CPU
	EndGlobalSection
	GlobalSection(SolutionProperties) = preSolution
		HideSolutionNode = FALSE
	EndGlobalSection
	GlobalSection(ExtensibilityGlobals) = postSolution
		SolutionGuid = {511BAE22-45C7-4E6A-84C4-80D61FA0CC23}
	EndGlobalSection
EndGlobal
